schema: '2.0'
stages:
  generate_application_features:
    cmd: python ../src/app/modelling/features/application_features.py
    deps:
    - path: ../src/app/modelling/features/application_features.py
      hash: md5
      md5: 01fbf832c8e6a0d6b9765d70299d5d71
      size: 10439
    - path: ../src/app/utils/db_manager.py
      hash: md5
      md5: 676002e2dbaa7c9e85fe0dafedbd5e29
      size: 2910
    outs:
    - path: ../src/app/modelling/features/application_features.csv
      hash: md5
      md5: 65b006c460d5a17cfc9dcb33a08b1d0c
      size: 38522567
  generate_bureau_features:
    cmd: python ../src/app/modelling/features/bureau_features.py
    deps:
    - path: ../src/app/modelling/features/bureau_features.py
      hash: md5
      md5: 7138951d581e8ff5fbe32be78e0677da
      size: 4284
    - path: ../src/app/utils/db_manager.py
      hash: md5
      md5: 676002e2dbaa7c9e85fe0dafedbd5e29
      size: 2910
    outs:
    - path: ../src/app/modelling/features/bureau_features.csv
      hash: md5
      md5: 30bdeb850608229f53d790b6a44872e2
      size: 31493160
  generate_bureau_balance_features:
    cmd: python ../src/app/modelling/features/bureau_balance_features.py
    deps:
    - path: ../src/app/modelling/features/bureau_balance_features.py
      hash: md5
      md5: 47484556b95e85fab6b1cf998677dacd
      size: 7232
    - path: ../src/app/utils/db_manager.py
      hash: md5
      md5: 676002e2dbaa7c9e85fe0dafedbd5e29
      size: 2910
    outs:
    - path: ../src/app/modelling/features/bureau_balance_features.csv
      hash: md5
      md5: 5e18e638fb4b3e6fae0e60a28f8ac0a7
      size: 11522470
